// !$*UTF8*$!
{
	archiveVersion = 1;
	classes = {
	};
	objectVersion = 50;
	objects = {

/* Begin PBXBuildFile section */
		3B5705732090E586000BEA57 /* AppDelegate.m in Sources */ = {isa = PBXBuildFile; fileRef = 3B5705722090E586000BEA57 /* AppDelegate.m */; };
		3B5705762090E586000BEA57 /* ViewController.m in Sources */ = {isa = PBXBuildFile; fileRef = 3B5705752090E586000BEA57 /* ViewController.m */; };
		3B5705792090E586000BEA57 /* Main.storyboard in Resources */ = {isa = PBXBuildFile; fileRef = 3B5705772090E586000BEA57 /* Main.storyboard */; };
		3B57057B2090E589000BEA57 /* Assets.xcassets in Resources */ = {isa = PBXBuildFile; fileRef = 3B57057A2090E589000BEA57 /* Assets.xcassets */; };
		3B57057E2090E589000BEA57 /* LaunchScreen.storyboard in Resources */ = {isa = PBXBuildFile; fileRef = 3B57057C2090E589000BEA57 /* LaunchScreen.storyboard */; };
		3B5705812090E589000BEA57 /* main.m in Sources */ = {isa = PBXBuildFile; fileRef = 3B5705802090E589000BEA57 /* main.m */; };
		3B57059E2090E7B9000BEA57 /* PhotoCollectionViewCell.m in Sources */ = {isa = PBXBuildFile; fileRef = 3B57059D2090E7B9000BEA57 /* PhotoCollectionViewCell.m */; };
		3B5705AE2090EB5A000BEA57 /* IMG_0255.jpg in Resources */ = {isa = PBXBuildFile; fileRef = 3B5705A42090EB59000BEA57 /* IMG_0255.jpg */; };
		3B5705AF2090EB5A000BEA57 /* IMG_0262.jpg in Resources */ = {isa = PBXBuildFile; fileRef = 3B5705A52090EB59000BEA57 /* IMG_0262.jpg */; };
		3B5705B12090EB5A000BEA57 /* IMG_0292.jpg in Resources */ = {isa = PBXBuildFile; fileRef = 3B5705A72090EB59000BEA57 /* IMG_0292.jpg */; };
		3B5705B42090EB5A000BEA57 /* IMG_0217.jpg in Resources */ = {isa = PBXBuildFile; fileRef = 3B5705AA2090EB59000BEA57 /* IMG_0217.jpg */; };
		3B5705B62090EB5A000BEA57 /* IMG_0251.jpg in Resources */ = {isa = PBXBuildFile; fileRef = 3B5705AC2090EB59000BEA57 /* IMG_0251.jpg */; };
		3B5705BD2090EE31000BEA57 /* IMG_0478.JPG in Resources */ = {isa = PBXBuildFile; fileRef = 3B5705B72090EE30000BEA57 /* IMG_0478.JPG */; };
		3B5705BE2090EE31000BEA57 /* IMG_1724.JPG in Resources */ = {isa = PBXBuildFile; fileRef = 3B5705B82090EE30000BEA57 /* IMG_1724.JPG */; };
		3B5705BF2090EE31000BEA57 /* LamborghiniRoadsterTA.jpg in Resources */ = {isa = PBXBuildFile; fileRef = 3B5705B92090EE31000BEA57 /* LamborghiniRoadsterTA.jpg */; };
		3B5705C02090EE31000BEA57 /* images.jpeg in Resources */ = {isa = PBXBuildFile; fileRef = 3B5705BA2090EE31000BEA57 /* images.jpeg */; };
		3B5705C12090EE31000BEA57 /* 592f4169b74af41b008b5977-750-563.jpg in Resources */ = {isa = PBXBuildFile; fileRef = 3B5705BB2090EE31000BEA57 /* 592f4169b74af41b008b5977-750-563.jpg */; };
		3B5705C22090EE31000BEA57 /* IMG_0124.JPG in Resources */ = {isa = PBXBuildFile; fileRef = 3B5705BC2090EE31000BEA57 /* IMG_0124.JPG */; };
/* End PBXBuildFile section */

/* Begin PBXFileReference section */
		3B57056E2090E586000BEA57 /* W3D3 InstaKilo.app */ = {isa = PBXFileReference; explicitFileType = wrapper.application; includeInIndex = 0; path = "W3D3 InstaKilo.app"; sourceTree = BUILT_PRODUCTS_DIR; };
		3B5705712090E586000BEA57 /* AppDelegate.h */ = {isa = PBXFileReference; lastKnownFileType = sourcecode.c.h; path = AppDelegate.h; sourceTree = "<group>"; };
		3B5705722090E586000BEA57 /* AppDelegate.m */ = {isa = PBXFileReference; lastKnownFileType = sourcecode.c.objc; path = AppDelegate.m; sourceTree = "<group>"; };
		3B5705742090E586000BEA57 /* ViewController.h */ = {isa = PBXFileReference; lastKnownFileType = sourcecode.c.h; path = ViewController.h; sourceTree = "<group>"; };
		3B5705752090E586000BEA57 /* ViewController.m */ = {isa = PBXFileReference; lastKnownFileType = sourcecode.c.objc; path = ViewController.m; sourceTree = "<group>"; };
		3B5705782090E586000BEA57 /* Base */ = {isa = PBXFileReference; lastKnownFileType = file.storyboard; name = Base; path = Base.lproj/Main.storyboard; sourceTree = "<group>"; };
		3B57057A2090E589000BEA57 /* Assets.xcassets */ = {isa = PBXFileReference; lastKnownFileType = folder.assetcatalog; path = Assets.xcassets; sourceTree = "<group>"; };
		3B57057D2090E589000BEA57 /* Base */ = {isa = PBXFileReference; lastKnownFileType = file.storyboard; name = Base; path = Base.lproj/LaunchScreen.storyboard; sourceTree = "<group>"; };
		3B57057F2090E589000BEA57 /* Info.plist */ = {isa = PBXFileReference; lastKnownFileType = text.plist.xml; path = Info.plist; sourceTree = "<group>"; };
		3B5705802090E589000BEA57 /* main.m */ = {isa = PBXFileReference; lastKnownFileType = sourcecode.c.objc; path = main.m; sourceTree = "<group>"; };
		3B57059C2090E7B9000BEA57 /* PhotoCollectionViewCell.h */ = {isa = PBXFileReference; lastKnownFileType = sourcecode.c.h; path = PhotoCollectionViewCell.h; sourceTree = "<group>"; };
		3B57059D2090E7B9000BEA57 /* PhotoCollectionViewCell.m */ = {isa = PBXFileReference; lastKnownFileType = sourcecode.c.objc; path = PhotoCollectionViewCell.m; sourceTree = "<group>"; };
		3B5705A42090EB59000BEA57 /* IMG_0255.jpg */ = {isa = PBXFileReference; lastKnownFileType = image.jpeg; name = IMG_0255.jpg; path = Assets.xcassets/IMG_0255.jpg; sourceTree = "<group>"; };
		3B5705A52090EB59000BEA57 /* IMG_0262.jpg */ = {isa = PBXFileReference; lastKnownFileType = image.jpeg; name = IMG_0262.jpg; path = Assets.xcassets/IMG_0262.jpg; sourceTree = "<group>"; };
		3B5705A72090EB59000BEA57 /* IMG_0292.jpg */ = {isa = PBXFileReference; lastKnownFileType = image.jpeg; name = IMG_0292.jpg; path = Assets.xcassets/IMG_0292.jpg; sourceTree = "<group>"; };
		3B5705AA2090EB59000BEA57 /* IMG_0217.jpg */ = {isa = PBXFileReference; lastKnownFileType = image.jpeg; name = IMG_0217.jpg; path = Assets.xcassets/IMG_0217.jpg; sourceTree = "<group>"; };
		3B5705AC2090EB59000BEA57 /* IMG_0251.jpg */ = {isa = PBXFileReference; lastKnownFileType = image.jpeg; name = IMG_0251.jpg; path = Assets.xcassets/IMG_0251.jpg; sourceTree = "<group>"; };
		3B5705B72090EE30000BEA57 /* IMG_0478.JPG */ = {isa = PBXFileReference; lastKnownFileType = image.jpeg; name = IMG_0478.JPG; path = Assets.xcassets/IMG_0478.JPG; sourceTree = "<group>"; };
		3B5705B82090EE30000BEA57 /* IMG_1724.JPG */ = {isa = PBXFileReference; lastKnownFileType = image.jpeg; name = IMG_1724.JPG; path = Assets.xcassets/IMG_1724.JPG; sourceTree = "<group>"; };
		3B5705B92090EE31000BEA57 /* LamborghiniRoadsterTA.jpg */ = {isa = PBXFileReference; lastKnownFileType = image.jpeg; name = LamborghiniRoadsterTA.jpg; path = Assets.xcassets/LamborghiniRoadsterTA.jpg; sourceTree = "<group>"; };
		3B5705BA2090EE31000BEA57 /* images.jpeg */ = {isa = PBXFileReference; lastKnownFileType = image.jpeg; name = images.jpeg; path = Assets.xcassets/images.jpeg; sourceTree = "<group>"; };
		3B5705BB2090EE31000BEA57 /* 592f4169b74af41b008b5977-750-563.jpg */ = {isa = PBXFileReference; lastKnownFileType = image.jpeg; name = "592f4169b74af41b008b5977-750-563.jpg"; path = "Assets.xcassets/592f4169b74af41b008b5977-750-563.jpg"; sourceTree = "<group>"; };
		3B5705BC2090EE31000BEA57 /* IMG_0124.JPG */ = {isa = PBXFileReference; lastKnownFileType = image.jpeg; name = IMG_0124.JPG; path = Assets.xcassets/IMG_0124.JPG; sourceTree = "<group>"; };
/* End PBXFileReference section */

/* Begin PBXFrameworksBuildPhase section */
		3B57056B2090E586000BEA57 /* Frameworks */ = {
			isa = PBXFrameworksBuildPhase;
			buildActionMask = 2147483647;
			files = (
			);
			runOnlyForDeploymentPostprocessing = 0;
		};
/* End PBXFrameworksBuildPhase section */

/* Begin PBXGroup section */
		3B5705652090E586000BEA57 = {
			isa = PBXGroup;
			children = (
				3B5705702090E586000BEA57 /* W3D3 InstaKilo */,
				3B57056F2090E586000BEA57 /* Products */,
			);
			sourceTree = "<group>";
		};
		3B57056F2090E586000BEA57 /* Products */ = {
			isa = PBXGroup;
			children = (
				3B57056E2090E586000BEA57 /* W3D3 InstaKilo.app */,
			);
			name = Products;
			sourceTree = "<group>";
		};
		3B5705702090E586000BEA57 /* W3D3 InstaKilo */ = {
			isa = PBXGroup;
			children = (
				3B5705A22090E803000BEA57 /* Supporting Files */,
				3B5705A12090E7F7000BEA57 /* Model */,
				3B5705A02090E7E1000BEA57 /* Controller */,
				3B57059F2090E7CE000BEA57 /* View */,
			);
			path = "W3D3 InstaKilo";
			sourceTree = "<group>";
		};
		3B57059F2090E7CE000BEA57 /* View */ = {
			isa = PBXGroup;
			children = (
				3B57057C2090E589000BEA57 /* LaunchScreen.storyboard */,
				3B5705772090E586000BEA57 /* Main.storyboard */,
			);
			name = View;
			sourceTree = "<group>";
		};
		3B5705A02090E7E1000BEA57 /* Controller */ = {
			isa = PBXGroup;
			children = (
				3B5705742090E586000BEA57 /* ViewController.h */,
				3B5705752090E586000BEA57 /* ViewController.m */,
			);
			name = Controller;
			sourceTree = "<group>";
		};
		3B5705A12090E7F7000BEA57 /* Model */ = {
			isa = PBXGroup;
			children = (
				3B57059C2090E7B9000BEA57 /* PhotoCollectionViewCell.h */,
				3B57059D2090E7B9000BEA57 /* PhotoCollectionViewCell.m */,
			);
			name = Model;
			sourceTree = "<group>";
		};
		3B5705A22090E803000BEA57 /* Supporting Files */ = {
			isa = PBXGroup;
			children = (
				3B5705C32090EE36000BEA57 /* images */,
				3B5705712090E586000BEA57 /* AppDelegate.h */,
				3B5705722090E586000BEA57 /* AppDelegate.m */,
				3B57057A2090E589000BEA57 /* Assets.xcassets */,
				3B57057F2090E589000BEA57 /* Info.plist */,
				3B5705802090E589000BEA57 /* main.m */,
			);
			name = "Supporting Files";
			sourceTree = "<group>";
		};
		3B5705C32090EE36000BEA57 /* images */ = {
			isa = PBXGroup;
			children = (
				3B5705AA2090EB59000BEA57 /* IMG_0217.jpg */,
				3B5705AC2090EB59000BEA57 /* IMG_0251.jpg */,
				3B5705A42090EB59000BEA57 /* IMG_0255.jpg */,
				3B5705A52090EB59000BEA57 /* IMG_0262.jpg */,
				3B5705A72090EB59000BEA57 /* IMG_0292.jpg */,
				3B5705BB2090EE31000BEA57 /* 592f4169b74af41b008b5977-750-563.jpg */,
				3B5705BA2090EE31000BEA57 /* images.jpeg */,
				3B5705BC2090EE31000BEA57 /* IMG_0124.JPG */,
				3B5705B72090EE30000BEA57 /* IMG_0478.JPG */,
				3B5705B82090EE30000BEA57 /* IMG_1724.JPG */,
				3B5705B92090EE31000BEA57 /* LamborghiniRoadsterTA.jpg */,
			);
			name = images;
			sourceTree = "<group>";
		};
/* End PBXGroup section */

/* Begin PBXNativeTarget section */
		3B57056D2090E586000BEA57 /* W3D3 InstaKilo */ = {
			isa = PBXNativeTarget;
			buildConfigurationList = 3B5705842090E589000BEA57 /* Build configuration list for PBXNativeTarget "W3D3 InstaKilo" */;
			buildPhases = (
				3B57056A2090E586000BEA57 /* Sources */,
				3B57056B2090E586000BEA57 /* Frameworks */,
				3B57056C2090E586000BEA57 /* Resources */,
			);
			buildRules = (
			);
			dependencies = (
			);
			name = "W3D3 InstaKilo";
			productName = "W3D3 InstaKilo";
			productReference = 3B57056E2090E586000BEA57 /* W3D3 InstaKilo.app */;
			productType = "com.apple.product-type.application";
		};
/* End PBXNativeTarget section */

/* Begin PBXProject section */
		3B5705662090E586000BEA57 /* Project object */ = {
			isa = PBXProject;
			attributes = {
				LastUpgradeCheck = 0930;
				ORGANIZATIONNAME = "Colin Russell";
				TargetAttributes = {
					3B57056D2090E586000BEA57 = {
						CreatedOnToolsVersion = 9.3;
					};
				};
			};
			buildConfigurationList = 3B5705692090E586000BEA57 /* Build configuration list for PBXProject "W3D3 InstaKilo" */;
			compatibilityVersion = "Xcode 9.3";
			developmentRegion = en;
			hasScannedForEncodings = 0;
			knownRegions = (
				en,
				Base,
			);
			mainGroup = 3B5705652090E586000BEA57;
			productRefGroup = 3B57056F2090E586000BEA57 /* Products */;
			projectDirPath = "";
			projectRoot = "";
			targets = (
				3B57056D2090E586000BEA57 /* W3D3 InstaKilo */,
			);
		};
/* End PBXProject section */

/* Begin PBXResourcesBuildPhase section */
		3B57056C2090E586000BEA57 /* Resources */ = {
			isa = PBXResourcesBuildPhase;
			buildActionMask = 2147483647;
			files = (
				3B5705BD2090EE31000BEA57 /* IMG_0478.JPG in Resources */,
				3B5705AF2090EB5A000BEA57 /* IMG_0262.jpg in Resources */,
				3B5705C22090EE31000BEA57 /* IMG_0124.JPG in Resources */,
				3B5705AE2090EB5A000BEA57 /* IMG_0255.jpg in Resources */,
				3B5705BE2090EE31000BEA57 /* IMG_1724.JPG in Resources */,
				3B57057E2090E589000BEA57 /* LaunchScreen.storyboard in Resources */,
				3B5705C02090EE31000BEA57 /* images.jpeg in Resources */,
				3B5705B62090EB5A000BEA57 /* IMG_0251.jpg in Resources */,
				3B5705B42090EB5A000BEA57 /* IMG_0217.jpg in Resources */,
				3B5705B12090EB5A000BEA57 /* IMG_0292.jpg in Resources */,
				3B5705C12090EE31000BEA57 /* 592f4169b74af41b008b5977-750-563.jpg in Resources */,
				3B57057B2090E589000BEA57 /* Assets.xcassets in Resources */,
				3B5705792090E586000BEA57 /* Main.storyboard in Resources */,
				3B5705BF2090EE31000BEA57 /* LamborghiniRoadsterTA.jpg in Resources */,
			);
			runOnlyForDeploymentPostprocessing = 0;
		};
/* End PBXResourcesBuildPhase section */

/* Begin PBXSourcesBuildPhase section */
		3B57056A2090E586000BEA57 /* Sources */ = {
			isa = PBXSourcesBuildPhase;
			buildActionMask = 2147483647;
			files = (
				3B5705762090E586000BEA57 /* ViewController.m in Sources */,
				3B57059E2090E7B9000BEA57 /* PhotoCollectionViewCell.m in Sources */,
				3B5705812090E589000BEA57 /* main.m in Sources */,
				3B5705732090E586000BEA57 /* AppDelegate.m in Sources */,
			);
			runOnlyForDeploymentPostprocessing = 0;
		};
/* End PBXSourcesBuildPhase section */

/* Begin PBXVariantGroup section */
		3B5705772090E586000BEA57 /* Main.storyboard */ = {
			isa = PBXVariantGroup;
			children = (
				3B5705782090E586000BEA57 /* Base */,
			);
			name = Main.storyboard;
			sourceTree = "<group>";
		};
		3B57057C2090E589000BEA57 /* LaunchScreen.storyboard */ = {
			isa = PBXVariantGroup;
			children = (
				3B57057D2090E589000BEA57 /* Base */,
			);
			name = LaunchScreen.storyboard;
			sourceTree = "<group>";
		};
/* End PBXVariantGroup section */

/* Begin XCBuildConfiguration section */
		3B5705822090E589000BEA57 /* Debug */ = {
			isa = XCBuildConfiguration;
			buildSettings = {
				ALWAYS_SEARCH_USER_PATHS = NO;
				CLANG_ANALYZER_NONNULL = YES;
				CLANG_ANALYZER_NUMBER_OBJECT_CONVERSION = YES_AGGRESSIVE;
				CLANG_CXX_LANGUAGE_STANDARD = "gnu++14";
				CLANG_CXX_LIBRARY = "libc++";
				CLANG_ENABLE_MODULES = YES;
				CLANG_ENABLE_OBJC_ARC = YES;
				CLANG_ENABLE_OBJC_WEAK = YES;
				CLANG_WARN_BLOCK_CAPTURE_AUTORELEASING = YES;
				CLANG_WARN_BOOL_CONVERSION = YES;
				CLANG_WARN_COMMA = YES;
				CLANG_WARN_CONSTANT_CONVERSION = YES;
				CLANG_WARN_DEPRECATED_OBJC_IMPLEMENTATIONS = YES;
				CLANG_WARN_DIRECT_OBJC_ISA_USAGE = YES_ERROR;
				CLANG_WARN_DOCUMENTATION_COMMENTS = YES;
				CLANG_WARN_EMPTY_BODY = YES;
				CLANG_WARN_ENUM_CONVERSION = YES;
				CLANG_WARN_INFINITE_RECURSION = YES;
				CLANG_WARN_INT_CONVERSION = YES;
				CLANG_WARN_NON_LITERAL_NULL_CONVERSION = YES;
				CLANG_WARN_OBJC_IMPLICIT_RETAIN_SELF = YES;
				CLANG_WARN_OBJC_LITERAL_CONVERSION = YES;
				CLANG_WARN_OBJC_ROOT_CLASS = YES_ERROR;
				CLANG_WARN_RANGE_LOOP_ANALYSIS = YES;
				CLANG_WARN_STRICT_PROTOTYPES = YES;
				CLANG_WARN_SUSPICIOUS_MOVE = YES;
				CLANG_WARN_UNGUARDED_AVAILABILITY = YES_AGGRESSIVE;
				CLANG_WARN_UNREACHABLE_CODE = YES;
				CLANG_WARN__DUPLICATE_METHOD_MATCH = YES;
				CODE_SIGN_IDENTITY = "iPhone Developer";
				COPY_PHASE_STRIP = NO;
				DEBUG_INFORMATION_FORMAT = dwarf;
				ENABLE_STRICT_OBJC_MSGSEND = YES;
				ENABLE_TESTABILITY = YES;
				GCC_C_LANGUAGE_STANDARD = gnu11;
				GCC_DYNAMIC_NO_PIC = NO;
				GCC_NO_COMMON_BLOCKS = YES;
				GCC_OPTIMIZATION_LEVEL = 0;
				GCC_PREPROCESSOR_DEFINITIONS = (
					"DEBUG=1",
					"$(inherited)",
				);
				GCC_WARN_64_TO_32_BIT_CONVERSION = YES;
				GCC_WARN_ABOUT_RETURN_TYPE = YES_ERROR;
				GCC_WARN_UNDECLARED_SELECTOR = YES;
				GCC_WARN_UNINITIALIZED_AUTOS = YES_AGGRESSIVE;
				GCC_WARN_UNUSED_FUNCTION = YES;
				GCC_WARN_UNUSED_VARIABLE = YES;
				IPHONEOS_DEPLOYMENT_TARGET = 11.3;
				MTL_ENABLE_DEBUG_INFO = YES;
				ONLY_ACTIVE_ARCH = YES;
				SDKROOT = iphoneos;
			};
			name = Debug;
		};
		3B5705832090E589000BEA57 /* Release */ = {
			isa = XCBuildConfiguration;
			buildSettings = {
				ALWAYS_SEARCH_USER_PATHS = NO;
				CLANG_ANALYZER_NONNULL = YES;
				CLANG_ANALYZER_NUMBER_OBJECT_CONVERSION = YES_AGGRESSIVE;
				CLANG_CXX_LANGUAGE_STANDARD = "gnu++14";
				CLANG_CXX_LIBRARY = "libc++";
				CLANG_ENABLE_MODULES = YES;
				CLANG_ENABLE_OBJC_ARC = YES;
				CLANG_ENABLE_OBJC_WEAK = YES;
				CLANG_WARN_BLOCK_CAPTURE_AUTORELEASING = YES;
				CLANG_WARN_BOOL_CONVERSION = YES;
				CLANG_WARN_COMMA = YES;
				CLANG_WARN_CONSTANT_CONVERSION = YES;
				CLANG_WARN_DEPRECATED_OBJC_IMPLEMENTATIONS = YES;
				CLANG_WARN_DIRECT_OBJC_ISA_USAGE = YES_ERROR;
				CLANG_WARN_DOCUMENTATION_COMMENTS = YES;
				CLANG_WARN_EMPTY_BODY = YES;
				CLANG_WARN_ENUM_CONVERSION = YES;
				CLANG_WARN_INFINITE_RECURSION = YES;
				CLANG_WARN_INT_CONVERSION = YES;
				CLANG_WARN_NON_LITERAL_NULL_CONVERSION = YES;
				CLANG_WARN_OBJC_IMPLICIT_RETAIN_SELF = YES;
				CLANG_WARN_OBJC_LITERAL_CONVERSION = YES;
				CLANG_WARN_OBJC_ROOT_CLASS = YES_ERROR;
				CLANG_WARN_RANGE_LOOP_ANALYSIS = YES;
				CLANG_WARN_STRICT_PROTOTYPES = YES;
				CLANG_WARN_SUSPICIOUS_MOVE = YES;
				CLANG_WARN_UNGUARDED_AVAILABILITY = YES_AGGRESSIVE;
				CLANG_WARN_UNREACHABLE_CODE = YES;
				CLANG_WARN__DUPLICATE_METHOD_MATCH = YES;
				CODE_SIGN_IDENTITY = "iPhone Developer";
				COPY_PHASE_STRIP = NO;
				DEBUG_INFORMATION_FORMAT = "dwarf-with-dsym";
				ENABLE_NS_ASSERTIONS = NO;
				ENABLE_STRICT_OBJC_MSGSEND = YES;
				GCC_C_LANGUAGE_STANDARD = gnu11;
				GCC_NO_COMMON_BLOCKS = YES;
				GCC_WARN_64_TO_32_BIT_CONVERSION = YES;
				GCC_WARN_ABOUT_RETURN_TYPE = YES_ERROR;
				GCC_WARN_UNDECLARED_SELECTOR = YES;
				GCC_WARN_UNINITIALIZED_AUTOS = YES_AGGRESSIVE;
				GCC_WARN_UNUSED_FUNCTION = YES;
				GCC_WARN_UNUSED_VARIABLE = YES;
				IPHONEOS_DEPLOYMENT_TARGET = 11.3;
				MTL_ENABLE_DEBUG_INFO = NO;
				SDKROOT = iphoneos;
				VALIDATE_PRODUCT = YES;
			};
			name = Release;
		};
		3B5705852090E589000BEA57 /* Debug */ = {
			isa = XCBuildConfiguration;
			buildSettings = {
				ASSETCATALOG_COMPILER_APPICON_NAME = AppIcon;
				CODE_SIGN_STYLE = Automatic;
				DEVELOPMENT_TEAM = 84BM2BTTA9;
				INFOPLIST_FILE = "W3D3 InstaKilo/Info.plist";
				LD_RUNPATH_SEARCH_PATHS = (
					"$(inherited)",
					"@executable_path/Frameworks",
				);
				PRODUCT_BUNDLE_IDENTIFIER = "com.colinrussell.W3D3-InstaKilo";
				PRODUCT_NAME = "$(TARGET_NAME)";
				TARGETED_DEVICE_FAMILY = "1,2";
			};
			name = Debug;
		};
		3B5705862090E589000BEA57 /* Release */ = {
			isa = XCBuildConfiguration;
			buildSettings = {
				ASSETCATALOG_COMPILER_APPICON_NAME = AppIcon;
				CODE_SIGN_STYLE = Automatic;
				DEVELOPMENT_TEAM = 84BM2BTTA9;
				INFOPLIST_FILE = "W3D3 InstaKilo/Info.plist";
				LD_RUNPATH_SEARCH_PATHS = (
					"$(inherited)",
					"@executable_path/Frameworks",
				);
				PRODUCT_BUNDLE_IDENTIFIER = "com.colinrussell.W3D3-InstaKilo";
				PRODUCT_NAME = "$(TARGET_NAME)";
				TARGETED_DEVICE_FAMILY = "1,2";
			};
			name = Release;
		};
/* End XCBuildConfiguration section */

/* Begin XCConfigurationList section */
		3B5705692090E586000BEA57 /* Build configuration list for PBXProject "W3D3 InstaKilo" */ = {
			isa = XCConfigurationList;
			buildConfigurations = (
				3B5705822090E589000BEA57 /* Debug */,
				3B5705832090E589000BEA57 /* Release */,
			);
			defaultConfigurationIsVisible = 0;
			defaultConfigurationName = Release;
		};
		3B5705842090E589000BEA57 /* Build configuration list for PBXNativeTarget "W3D3 InstaKilo" */ = {
			isa = XCConfigurationList;
			buildConfigurations = (
				3B5705852090E589000BEA57 /* Debug */,
				3B5705862090E589000BEA57 /* Release */,
			);
			defaultConfigurationIsVisible = 0;
			defaultConfigurationName = Release;
		};
/* End XCConfigurationList section */
	};
	rootObject = 3B5705662090E586000BEA57 /* Project object */;
}
